
Microsoft Visual Studio Solution File, Format Version 12.00
# Visual Studio Version 17
VisualStudioVersion = 17.4.33205.214
MinimumVisualStudioVersion = 10.0.40219.1
Project("{8BC9CEB8-8B4A-11D0-8D11-00A0C91BC942}") = "lab1", "lab1\lab1.vcxproj", "{981487C2-731C-4058-9602-D0000C0EAA40}"
EndProject
Project("{8BC9CEB8-8B4A-11D0-8D11-00A0C91BC942}") = "lab2", "lab2\lab2.vcxproj", "{D2D658D9-68B5-46CF-9C7D-F437B1C16D9F}"
EndProject
Project("{8BC9CEB8-8B4A-11D0-8D11-00A0C91BC942}") = "lab3", "lab3\lab3.vcxproj", "{9440AE6B-AAA3-473C-93F1-1EB895BB74EE}"
EndProject
Project("{8BC9CEB8-8B4A-11D0-8D11-00A0C91BC942}") = "lab4", "lab4\lab4.vcxproj", "{385FD4B8-B1FA-4D42-B625-2106752FE05E}"
EndProject
Project("{8BC9CEB8-8B4A-11D0-8D11-00A0C91BC942}") = "lab5", "lab5\lab5.vcxproj", "{EC355D61-21D0-42D2-AC89-8C10F387D1A4}"
EndProject
Project("{8BC9CEB8-8B4A-11D0-8D11-00A0C91BC942}") = "lab6", "lab6\lab6.vcxproj", "{651052DF-2312-430B-8EA6-BC00E3056C5C}"
EndProject
Project("{8BC9CEB8-8B4A-11D0-8D11-00A0C91BC942}") = "lab7", "lab7\lab7.vcxproj", "{2AAEF873-2FF9-4F7C-B2CF-C07260C669E2}"
EndProject
Project("{8BC9CEB8-8B4A-11D0-8D11-00A0C91BC942}") = "lab8", "lab8\lab8.vcxproj", "{A2F97DB6-3887-4CDB-9D71-E963D71F2A41}"
EndProject
Project("{8BC9CEB8-8B4A-11D0-8D11-00A0C91BC942}") = "lab9", "lab9\lab9.vcxproj", "{E48D6F86-4ADA-4C2A-A561-FA63DC14AAE0}"
EndProject
Global
	GlobalSection(SolutionConfigurationPlatforms) = preSolution
		Debug|x64 = Debug|x64
		Debug|x86 = Debug|x86
		Release|x64 = Release|x64
		Release|x86 = Release|x86
	EndGlobalSection
	GlobalSection(ProjectConfigurationPlatforms) = postSolution
		{981487C2-731C-4058-9602-D0000C0EAA40}.Debug|x64.ActiveCfg = Debug|x64
		{981487C2-731C-4058-9602-D0000C0EAA40}.Debug|x64.Build.0 = Debug|x64
		{981487C2-731C-4058-9602-D0000C0EAA40}.Debug|x86.ActiveCfg = Debug|Win32
		{981487C2-731C-4058-9602-D0000C0EAA40}.Debug|x86.Build.0 = Debug|Win32
		{981487C2-731C-4058-9602-D0000C0EAA40}.Release|x64.ActiveCfg = Release|x64
		{981487C2-731C-4058-9602-D0000C0EAA40}.Release|x64.Build.0 = Release|x64
		{981487C2-731C-4058-9602-D0000C0EAA40}.Release|x86.ActiveCfg = Release|Win32
		{981487C2-731C-4058-9602-D0000C0EAA40}.Release|x86.Build.0 = Release|Win32
		{D2D658D9-68B5-46CF-9C7D-F437B1C16D9F}.Debug|x64.ActiveCfg = Debug|x64
		{D2D658D9-68B5-46CF-9C7D-F437B1C16D9F}.Debug|x64.Build.0 = Debug|x64
		{D2D658D9-68B5-46CF-9C7D-F437B1C16D9F}.Debug|x86.ActiveCfg = Debug|Win32
		{D2D658D9-68B5-46CF-9C7D-F437B1C16D9F}.Debug|x86.Build.0 = Debug|Win32
		{D2D658D9-68B5-46CF-9C7D-F437B1C16D9F}.Release|x64.ActiveCfg = Release|x64
		{D2D658D9-68B5-46CF-9C7D-F437B1C16D9F}.Release|x64.Build.0 = Release|x64
		{D2D658D9-68B5-46CF-9C7D-F437B1C16D9F}.Release|x86.ActiveCfg = Release|Win32
		{D2D658D9-68B5-46CF-9C7D-F437B1C16D9F}.Release|x86.Build.0 = Release|Win32
		{9440AE6B-AAA3-473C-93F1-1EB895BB74EE}.Debug|x64.ActiveCfg = Debug|x64
		{9440AE6B-AAA3-473C-93F1-1EB895BB74EE}.Debug|x64.Build.0 = Debug|x64
		{9440AE6B-AAA3-473C-93F1-1EB895BB74EE}.Debug|x86.ActiveCfg = Debug|Win32
		{9440AE6B-AAA3-473C-93F1-1EB895BB74EE}.Debug|x86.Build.0 = Debug|Win32
		{9440AE6B-AAA3-473C-93F1-1EB895BB74EE}.Release|x64.ActiveCfg = Release|x64
		{9440AE6B-AAA3-473C-93F1-1EB895BB74EE}.Release|x64.Build.0 = Release|x64
		{9440AE6B-AAA3-473C-93F1-1EB895BB74EE}.Release|x86.ActiveCfg = Release|Win32
		{9440AE6B-AAA3-473C-93F1-1EB895BB74EE}.Release|x86.Build.0 = Release|Win32
		{385FD4B8-B1FA-4D42-B625-2106752FE05E}.Debug|x64.ActiveCfg = Debug|x64
		{385FD4B8-B1FA-4D42-B625-2106752FE05E}.Debug|x64.Build.0 = Debug|x64
		{385FD4B8-B1FA-4D42-B625-2106752FE05E}.Debug|x86.ActiveCfg = Debug|Win32
		{385FD4B8-B1FA-4D42-B625-2106752FE05E}.Debug|x86.Build.0 = Debug|Win32
		{385FD4B8-B1FA-4D42-B625-2106752FE05E}.Release|x64.ActiveCfg = Release|x64
		{385FD4B8-B1FA-4D42-B625-2106752FE05E}.Release|x64.Build.0 = Release|x64
		{385FD4B8-B1FA-4D42-B625-2106752FE05E}.Release|x86.ActiveCfg = Release|Win32
		{385FD4B8-B1FA-4D42-B625-2106752FE05E}.Release|x86.Build.0 = Release|Win32
		{EC355D61-21D0-42D2-AC89-8C10F387D1A4}.Debug|x64.ActiveCfg = Debug|x64
		{EC355D61-21D0-42D2-AC89-8C10F387D1A4}.Debug|x64.Build.0 = Debug|x64
		{EC355D61-21D0-42D2-AC89-8C10F387D1A4}.Debug|x86.ActiveCfg = Debug|Win32
		{EC355D61-21D0-42D2-AC89-8C10F387D1A4}.Debug|x86.Build.0 = Debug|Win32
		{EC355D61-21D0-42D2-AC89-8C10F387D1A4}.Release|x64.ActiveCfg = Release|x64
		{EC355D61-21D0-42D2-AC89-8C10F387D1A4}.Release|x64.Build.0 = Release|x64
		{EC355D61-21D0-42D2-AC89-8C10F387D1A4}.Release|x86.ActiveCfg = Release|Win32
		{EC355D61-21D0-42D2-AC89-8C10F387D1A4}.Release|x86.Build.0 = Release|Win32
		{651052DF-2312-430B-8EA6-BC00E3056C5C}.Debug|x64.ActiveCfg = Debug|x64
		{651052DF-2312-430B-8EA6-BC00E3056C5C}.Debug|x64.Build.0 = Debug|x64
		{651052DF-2312-430B-8EA6-BC00E3056C5C}.Debug|x86.ActiveCfg = Debug|Win32
		{651052DF-2312-430B-8EA6-BC00E3056C5C}.Debug|x86.Build.0 = Debug|Win32
		{651052DF-2312-430B-8EA6-BC00E3056C5C}.Release|x64.ActiveCfg = Release|x64
		{651052DF-2312-430B-8EA6-BC00E3056C5C}.Release|x64.Build.0 = Release|x64
		{651052DF-2312-430B-8EA6-BC00E3056C5C}.Release|x86.ActiveCfg = Release|Win32
		{651052DF-2312-430B-8EA6-BC00E3056C5C}.Release|x86.Build.0 = Release|Win32
		{2AAEF873-2FF9-4F7C-B2CF-C07260C669E2}.Debug|x64.ActiveCfg = Debug|x64
		{2AAEF873-2FF9-4F7C-B2CF-C07260C669E2}.Debug|x64.Build.0 = Debug|x64
		{2AAEF873-2FF9-4F7C-B2CF-C07260C669E2}.Debug|x86.ActiveCfg = Debug|Win32
		{2AAEF873-2FF9-4F7C-B2CF-C07260C669E2}.Debug|x86.Build.0 = Debug|Win32
		{2AAEF873-2FF9-4F7C-B2CF-C07260C669E2}.Release|x64.ActiveCfg = Release|x64
		{2AAEF873-2FF9-4F7C-B2CF-C07260C669E2}.Release|x64.Build.0 = Release|x64
		{2AAEF873-2FF9-4F7C-B2CF-C07260C669E2}.Release|x86.ActiveCfg = Release|Win32
		{2AAEF873-2FF9-4F7C-B2CF-C07260C669E2}.Release|x86.Build.0 = Release|Win32
		{A2F97DB6-3887-4CDB-9D71-E963D71F2A41}.Debug|x64.ActiveCfg = Debug|x64
		{A2F97DB6-3887-4CDB-9D71-E963D71F2A41}.Debug|x64.Build.0 = Debug|x64
		{A2F97DB6-3887-4CDB-9D71-E963D71F2A41}.Debug|x86.ActiveCfg = Debug|Win32
		{A2F97DB6-3887-4CDB-9D71-E963D71F2A41}.Debug|x86.Build.0 = Debug|Win32
		{A2F97DB6-3887-4CDB-9D71-E963D71F2A41}.Release|x64.ActiveCfg = Release|x64
		{A2F97DB6-3887-4CDB-9D71-E963D71F2A41}.Release|x64.Build.0 = Release|x64
		{A2F97DB6-3887-4CDB-9D71-E963D71F2A41}.Release|x86.ActiveCfg = Release|Win32
		{A2F97DB6-3887-4CDB-9D71-E963D71F2A41}.Release|x86.Build.0 = Release|Win32
		{E48D6F86-4ADA-4C2A-A561-FA63DC14AAE0}.Debug|x64.ActiveCfg = Debug|x64
		{E48D6F86-4ADA-4C2A-A561-FA63DC14AAE0}.Debug|x64.Build.0 = Debug|x64
		{E48D6F86-4ADA-4C2A-A561-FA63DC14AAE0}.Debug|x86.ActiveCfg = Debug|Win32
		{E48D6F86-4ADA-4C2A-A561-FA63DC14AAE0}.Debug|x86.Build.0 = Debug|Win32
		{E48D6F86-4ADA-4C2A-A561-FA63DC14AAE0}.Release|x64.ActiveCfg = Release|x64
		{E48D6F86-4ADA-4C2A-A561-FA63DC14AAE0}.Release|x64.Build.0 = Release|x64
		{E48D6F86-4ADA-4C2A-A561-FA63DC14AAE0}.Release|x86.ActiveCfg = Release|Win32
		{E48D6F86-4ADA-4C2A-A561-FA63DC14AAE0}.Release|x86.Build.0 = Release|Win32
	EndGlobalSection
	GlobalSection(SolutionProperties) = preSolution
		HideSolutionNode = FALSE
	EndGlobalSection
	GlobalSection(ExtensibilityGlobals) = postSolution
		SolutionGuid = {5AD26DE8-17A7-4DF8-9F79-C48766AEE98F}
	EndGlobalSection
EndGlobal
